{
  "name": "@homechef/mobile",
  "version": "1.0.0",
  "lockfileVersion": 3,
  "requires": true,
  "packages": {
    "": {
      "name": "@homechef/mobile",
      "version": "1.0.0",
      "dependencies": {
        "@babel/runtime": "^7.28.6",
        "@react-navigation/bottom-tabs": "^7.2.0",
        "@react-navigation/native": "^7.0.0",
        "@react-navigation/native-stack": "^7.2.0",
        "expo": "~52.0.0",
        "expo-image": "~2.0.0",
        "expo-linear-gradient": "~14.0.0",
        "expo-status-bar": "~2.0.0",
        "react": "18.3.1",
        "react-native": "0.76.5",
        "react-native-safe-area-context": "4.14.0",
        "react-native-screens": "~4.4.0"
      },
      "devDependencies": {
        "@babel/core": "^7.25.0",
        "@types/react": "~18.3.0",
        "typescript": "^5.7.0"
      }
    },
    "../../node_modules/.pnpm/@babel+core@7.28.6/node_modules/@babel/core": {
      "version": "7.28.6",
      "dev": true,
      "license": "MIT",
      "dependencies": {
        "@babel/code-frame": "^7.28.6",
        "@babel/generator": "^7.28.6",
        "@babel/helper-compilation-targets": "^7.28.6",
        "@babel/helper-module-transforms": "^7.28.6",
        "@babel/helpers": "^7.28.6",
        "@babel/parser": "^7.28.6",
        "@babel/template": "^7.28.6",
        "@babel/traverse": "^7.28.6",
        "@babel/types": "^7.28.6",
        "@jridgewell/remapping": "^2.3.5",
        "convert-source-map": "^2.0.0",
        "debug": "^4.1.0",
        "gensync": "^1.0.0-beta.2",
        "json5": "^2.2.3",
        "semver": "^6.3.1"
      },
      "devDependencies": {
        "@babel/helper-transform-fixture-test-runner": "^7.28.6",
        "@babel/plugin-syntax-flow": "^7.28.6",
        "@babel/plugin-transform-flow-strip-types": "^7.27.1",
        "@babel/plugin-transform-modules-commonjs": "^7.28.6",
        "@babel/preset-env": "^7.28.6",
        "@babel/preset-typescript": "^7.28.5",
        "@jridgewell/trace-mapping": "^0.3.28",
        "@types/convert-source-map": "^2.0.0",
        "@types/debug": "^4.1.0",
        "@types/resolve": "^1.3.2",
        "@types/semver": "^5.4.0",
        "rimraf": "^3.0.0",
        "ts-node": "^11.0.0-beta.1",
        "tsx": "^4.20.3"
      },
      "engines": {
        "node": ">=6.9.0"
      },
      "funding": {
        "type": "opencollective",
        "url": "https://opencollective.com/babel"
      }
    },
    "../../node_modules/.pnpm/@babel+runtime@7.28.6/node_modules/@babel/runtime": {
      "version": "7.28.6",
      "license": "MIT",
      "engines": {
        "node": ">=6.9.0"
      }
    },
    "../../node_modules/.pnpm/@react-navigation+bottom-tabs@7.10.1_@react-navigation+native@7.1.28_react-native@0.76._a2ba4d60b003598ad148ff4e9bd8c2f8/node_modules/@react-navigation/bottom-tabs": {
      "version": "7.10.1",
      "license": "MIT",
      "dependencies": {
        "@react-navigation/elements": "^2.9.5",
        "color": "^4.2.3",
        "sf-symbols-typescript": "^2.1.0"
      },
      "devDependencies": {
        "@jest/globals": "^30.0.0",
        "@react-navigation/native": "^7.1.28",
        "@testing-library/react-native": "^13.2.1",
        "@types/color": "^4.2.0",
        "@types/react": "~19.0.10",
        "del-cli": "^6.0.0",
        "react": "19.1.0",
        "react-native": "0.81.5",
        "react-native-builder-bob": "^0.40.17",
        "react-native-safe-area-context": "~5.6.0",
        "react-native-screens": "^4.20.0",
        "react-test-renderer": "19.1.0",
        "typescript": "^5.9.2"
      },
      "peerDependencies": {
        "@react-navigation/native": "^7.1.28",
        "react": ">= 18.2.0",
        "react-native": "*",
        "react-native-safe-area-context": ">= 4.0.0",
        "react-native-screens": ">= 4.0.0"
      }
    },
    "../../node_modules/.pnpm/@react-navigation+native-stack@7.11.0_@react-navigation+native@7.1.28_react-native@0.76_c31c6c8f78f1ddd9a5995277c96c4b7c/node_modules/@react-navigation/native-stack": {
      "version": "7.11.0",
      "license": "MIT",
      "dependencies": {
        "@react-navigation/elements": "^2.9.5",
        "color": "^4.2.3",
        "sf-symbols-typescript": "^2.1.0",
        "warn-once": "^0.1.1"
      },
      "devDependencies": {
        "@jest/globals": "^30.0.0",
        "@react-navigation/native": "^7.1.28",
        "@testing-library/react-native": "^13.2.1",
        "@types/react": "~19.0.10",
        "del-cli": "^6.0.0",
        "react": "19.1.0",
        "react-native": "0.81.5",
        "react-native-builder-bob": "^0.40.17",
        "react-native-screens": "^4.20.0",
        "react-test-renderer": "19.1.0",
        "typescript": "^5.9.2"
      },
      "peerDependencies": {
        "@react-navigation/native": "^7.1.28",
        "react": ">= 18.2.0",
        "react-native": "*",
        "react-native-safe-area-context": ">= 4.0.0",
        "react-native-screens": ">= 4.0.0"
      }
    },
    "../../node_modules/.pnpm/@react-navigation+native@7.1.28_react-native@0.76.5_@babel+core@7.28.6_@babel+preset-en_ce23fa18f1a5e5b70c22736252603f9f/node_modules/@react-navigation/native": {
      "version": "7.1.28",
      "license": "MIT",
      "dependencies": {
        "@react-navigation/core": "^7.14.0",
        "escape-string-regexp": "^4.0.0",
        "fast-deep-equal": "^3.1.3",
        "nanoid": "^3.3.11",
        "use-latest-callback": "^0.2.4"
      },
      "devDependencies": {
        "@jest/globals": "^30.0.0",
        "@testing-library/react-native": "^13.2.1",
        "@types/react": "~19.0.10",
        "@types/react-dom": "~19.1.7",
        "del-cli": "^6.0.0",
        "react": "19.1.0",
        "react-dom": "19.1.0",
        "react-native": "0.81.5",
        "react-native-builder-bob": "^0.40.17",
        "react-test-renderer": "19.1.0",
        "typescript": "^5.9.2"
      },
      "peerDependencies": {
        "react": ">= 18.2.0",
        "react-native": "*"
      }
    },
    "../../node_modules/.pnpm/@types+react@18.3.27/node_modules/@types/react": {
      "version": "18.3.27",
      "dev": true,
      "license": "MIT",
      "dependencies": {
        "@types/prop-types": "*",
        "csstype": "^3.2.2"
      }
    },
    "../../node_modules/.pnpm/expo-image@2.0.7_expo@52.0.48_@babel+core@7.28.6_@babel+preset-env@7.28.6_@babel+core@7_d6d4e21d991abd02b10ca4525592d9e8/node_modules/expo-image": {
      "version": "2.0.7",
      "license": "MIT",
      "devDependencies": {
        "expo-module-scripts": "^4.0.4"
      },
      "peerDependencies": {
        "expo": "*",
        "react": "*",
        "react-native": "*",
        "react-native-web": "*"
      },
      "peerDependenciesMeta": {
        "react-native-web": {
          "optional": true
        }
      }
    },
    "../../node_modules/.pnpm/expo-linear-gradient@14.0.2_expo@52.0.48_@babel+core@7.28.6_@babel+preset-env@7.28.6_@b_1a4e48c9e55efb92e72cc6c7d655d71d/node_modules/expo-linear-gradient": {
      "version": "14.0.2",
      "license": "MIT",
      "devDependencies": {
        "@testing-library/jest-dom": "^5.16.5",
        "@testing-library/react": "^15.0.7",
        "@testing-library/react-native": "^12.5.1",
        "expo-module-scripts": "^4.0.3"
      },
      "peerDependencies": {
        "expo": "*",
        "react": "*",
        "react-native": "*"
      }
    },
    "../../node_modules/.pnpm/expo-status-bar@2.0.1_react-native@0.76.5_@babel+core@7.28.6_@babel+preset-env@7.28.6_@_8c38cd59e0bd494ce1b3c1e6e2a6bc76/node_modules/expo-status-bar": {
      "version": "2.0.1",
      "license": "MIT",
      "devDependencies": {
        "@testing-library/jest-dom": "^5.16.5",
        "@testing-library/react": "^15.0.7",
        "@testing-library/react-native": "^12.5.1",
        "expo-module-scripts": "^4.0.3"
      },
      "peerDependencies": {
        "react": "*",
        "react-native": "*"
      }
    },
    "../../node_modules/.pnpm/expo@52.0.48_@babel+core@7.28.6_@babel+preset-env@7.28.6_@babel+core@7.28.6__@expo+metr_fa092e19861fe89bc57259856a873e5b/node_modules/expo": {
      "version": "52.0.48",
      "license": "MIT",
      "dependencies": {
        "@babel/runtime": "^7.20.0",
        "@expo/cli": "0.22.27",
        "@expo/config": "~10.0.11",
        "@expo/config-plugins": "~9.0.17",
        "@expo/fingerprint": "0.11.11",
        "@expo/metro-config": "0.19.12",
        "@expo/vector-icons": "~14.0.4",
        "babel-preset-expo": "~12.0.11",
        "expo-asset": "~11.0.5",
        "expo-constants": "~17.0.8",
        "expo-file-system": "~18.0.12",
        "expo-font": "~13.0.4",
        "expo-keep-awake": "~14.0.3",
        "expo-modules-autolinking": "2.0.8",
        "expo-modules-core": "2.2.3",
        "fbemitter": "^3.0.0",
        "web-streams-polyfill": "^3.3.2",
        "whatwg-url-without-unicode": "8.0.0-3"
      },
      "bin": {
        "expo": "bin/cli",
        "expo-modules-autolinking": "bin/autolinking",
        "fingerprint": "bin/fingerprint"
      },
      "devDependencies": {
        "@types/react": "~18.3.12",
        "@types/react-test-renderer": "^18.3.0",
        "expo-module-scripts": "^4.0.5",
        "react": "18.3.1",
        "react-dom": "18.3.1",
        "react-native": "0.76.9"
      },
      "peerDependencies": {
        "@expo/dom-webview": "*",
        "@expo/metro-runtime": "*",
        "react": "*",
        "react-native": "*",
        "react-native-webview": "*"
      },
      "peerDependenciesMeta": {
        "@expo/dom-webview": {
          "optional": true
        },
        "@expo/metro-runtime": {
          "optional": true
        },
        "react-native-webview": {
          "optional": true
        }
      }
    },
    "../../node_modules/.pnpm/react-native-safe-area-context@4.14.0_react-native@0.76.5_@babel+core@7.28.6_@babel+pre_d812eafad16e1282e756fdf1297a5ab7/node_modules/react-native-safe-area-context": {
      "version": "4.14.0",
      "license": "MIT",
      "devDependencies": {
        "@commitlint/config-conventional": "^19.2.2",
        "@jest/globals": "^29.7.0",
        "@react-native/babel-preset": "^0.74.84",
        "@react-native/eslint-config": "^0.74.84",
        "@react-native/eslint-plugin-specs": "^0.74.84",
        "@release-it/conventional-changelog": "^8.0.1",
        "@types/react": "^18.3.3",
        "@types/react-dom": "^18.3.0",
        "@types/react-test-renderer": "^18.3.0",
        "@typescript-eslint/eslint-plugin": "^7.14.1",
        "@typescript-eslint/parser": "^7.14.1",
        "babel-plugin-module-resolver": "^5.0.2",
        "clang-format": "^1.8.0",
        "commitlint": "^19.3.0",
        "eslint": "^8.57.0",
        "eslint-config-prettier": "^9.1.0",
        "eslint-plugin-jest": "^28.6.0",
        "eslint-plugin-prettier": "^5.1.3",
        "husky": "^9.0.11",
        "jest": "^29.7.0",
        "prettier": "^3.3.2",
        "react": "^18.3.1",
        "react-dom": "^18.3.1",
        "react-native": "^0.74.2",
        "react-native-builder-bob": "^0.23.2",
        "react-test-renderer": "^18.3.1",
        "release-it": "^17.4.0",
        "typescript": "^5.5.2"
      },
      "peerDependencies": {
        "react": "*",
        "react-native": "*"
      }
    },
    "../../node_modules/.pnpm/react-native-screens@4.4.0_react-native@0.76.5_@babel+core@7.28.6_@babel+preset-env@7.2_bdc36b20ed6286916b490fc35ace256f/node_modules/react-native-screens": {
      "version": "4.4.0",
      "license": "MIT",
      "dependencies": {
        "react-freeze": "^1.0.0",
        "warn-once": "^0.1.0"
      },
      "devDependencies": {
        "@babel/core": "^7.25.2",
        "@babel/eslint-parser": "7.22.15",
        "@react-native-community/cli": "15.0.1",
        "@react-native-community/cli-platform-android": "15.0.1",
        "@react-native-community/cli-platform-ios": "15.0.1",
        "@react-native/babel-preset": "0.76.4",
        "@react-native/eslint-config": "0.76.4",
        "@react-native/metro-config": "0.76.4",
        "@react-native/typescript-config": "0.76.4",
        "@react-navigation/native": "^5.8.0",
        "@react-navigation/stack": "^5.10.0",
        "@types/jest": "^29.3.1",
        "@types/react": "^18.2.72",
        "@types/react-test-renderer": "^18.0.0",
        "@typescript-eslint/eslint-plugin": "^6.5.0",
        "@typescript-eslint/parser": "^6.5.0",
        "babel-jest": "^29.6.4",
        "clang-format": "^1.8.0",
        "eslint": "^8.56.0",
        "eslint-config-prettier": "^8.10.0",
        "eslint-config-standard": "^17.1.0",
        "eslint-plugin-import": "^2.28.1",
        "eslint-plugin-jest": "^27.9.0",
        "eslint-plugin-n": "^16.0.2",
        "eslint-plugin-promise": "^6.1.1",
        "husky": "^8.0.3",
        "jest": "^29.6.3",
        "lint-staged": "^14.0.1",
        "prettier": "^2.8.8",
        "react": "18.2.0",
        "react-dom": "^18.2.0",
        "react-native": "0.76.4",
        "react-native-builder-bob": "^0.23.2",
        "react-native-gesture-handler": "^2.13.3",
        "react-native-reanimated": "3.9.0-nightly-20240402-12717cdb5",
        "react-native-safe-area-context": "^4.8.1",
        "react-native-windows": "^0.64.8",
        "react-test-renderer": "^18.2.0",
        "release-it": "^15.6.0",
        "typescript": "5.4.3"
      },
      "peerDependencies": {
        "react": "*",
        "react-native": "*"
      }
    },
    "../../node_modules/.pnpm/react-native@0.76.5_@babel+core@7.28.6_@babel+preset-env@7.28.6_@babel+core@7.28.6__@types+react@18.3.27_react@18.3.1/node_modules/react-native": {
      "version": "0.76.5",
      "license": "MIT",
      "dependencies": {
        "@jest/create-cache-key-function": "^29.6.3",
        "@react-native/assets-registry": "0.76.5",
        "@react-native/codegen": "0.76.5",
        "@react-native/community-cli-plugin": "0.76.5",
        "@react-native/gradle-plugin": "0.76.5",
        "@react-native/js-polyfills": "0.76.5",
        "@react-native/normalize-colors": "0.76.5",
        "@react-native/virtualized-lists": "0.76.5",
        "abort-controller": "^3.0.0",
        "anser": "^1.4.9",
        "ansi-regex": "^5.0.0",
        "babel-jest": "^29.7.0",
        "babel-plugin-syntax-hermes-parser": "^0.23.1",
        "base64-js": "^1.5.1",
        "chalk": "^4.0.0",
        "commander": "^12.0.0",
        "event-target-shim": "^5.0.1",
        "flow-enums-runtime": "^0.0.6",
        "glob": "^7.1.1",
        "invariant": "^2.2.4",
        "jest-environment-node": "^29.6.3",
        "jsc-android": "^250231.0.0",
        "memoize-one": "^5.0.0",
        "metro-runtime": "^0.81.0",
        "metro-source-map": "^0.81.0",
        "mkdirp": "^0.5.1",
        "nullthrows": "^1.1.1",
        "pretty-format": "^29.7.0",
        "promise": "^8.3.0",
        "react-devtools-core": "^5.3.1",
        "react-refresh": "^0.14.0",
        "regenerator-runtime": "^0.13.2",
        "scheduler": "0.24.0-canary-efb381bbf-20230505",
        "semver": "^7.1.3",
        "stacktrace-parser": "^0.1.10",
        "whatwg-fetch": "^3.0.0",
        "ws": "^6.2.3",
        "yargs": "^17.6.2"
      },
      "bin": {
        "react-native": "cli.js"
      },
      "engines": {
        "node": ">=18"
      },
      "peerDependencies": {
        "@types/react": "^18.2.6",
        "react": "^18.2.0"
      },
      "peerDependenciesMeta": {
        "@types/react": {
          "optional": true
        }
      }
    },
    "../../node_modules/.pnpm/react@18.3.1/node_modules/react": {
      "version": "18.3.1",
      "license": "MIT",
      "dependencies": {
        "loose-envify": "^1.1.0"
      },
      "engines": {
        "node": ">=0.10.0"
      }
    },
    "../../node_modules/.pnpm/typescript@5.9.3/node_modules/typescript": {
      "version": "5.9.3",
      "dev": true,
      "license": "Apache-2.0",
      "bin": {
        "tsc": "bin/tsc",
        "tsserver": "bin/tsserver"
      },
      "devDependencies": {
        "@dprint/formatter": "^0.4.1",
        "@dprint/typescript": "0.93.4",
        "@esfx/canceltoken": "^1.0.0",
        "@eslint/js": "^9.20.0",
        "@octokit/rest": "^21.1.1",
        "@types/chai": "^4.3.20",
        "@types/diff": "^7.0.1",
        "@types/minimist": "^1.2.5",
        "@types/mocha": "^10.0.10",
        "@types/ms": "^0.7.34",
        "@types/node": "latest",
        "@types/source-map-support": "^0.5.10",
        "@types/which": "^3.0.4",
        "@typescript-eslint/rule-tester": "^8.24.1",
        "@typescript-eslint/type-utils": "^8.24.1",
        "@typescript-eslint/utils": "^8.24.1",
        "azure-devops-node-api": "^14.1.0",
        "c8": "^10.1.3",
        "chai": "^4.5.0",
        "chokidar": "^4.0.3",
        "diff": "^7.0.0",
        "dprint": "^0.49.0",
        "esbuild": "^0.25.0",
        "eslint": "^9.20.1",
        "eslint-formatter-autolinkable-stylish": "^1.4.0",
        "eslint-plugin-regexp": "^2.7.0",
        "fast-xml-parser": "^4.5.2",
        "glob": "^10.4.5",
        "globals": "^15.15.0",
        "hereby": "^1.10.0",
        "jsonc-parser": "^3.3.1",
        "knip": "^5.44.4",
        "minimist": "^1.2.8",
        "mocha": "^10.8.2",
        "mocha-fivemat-progress-reporter": "^0.1.0",
        "monocart-coverage-reports": "^2.12.1",
        "ms": "^2.1.3",
        "picocolors": "^1.1.1",
        "playwright": "^1.50.1",
        "source-map-support": "^0.5.21",
        "tslib": "^2.8.1",
        "typescript": "^5.7.3",
        "typescript-eslint": "^8.24.1",
        "which": "^3.0.1"
      },
      "engines": {
        "node": ">=14.17"
      }
    },
    "node_modules/@babel/core": {
      "resolved": "../../node_modules/.pnpm/@babel+core@7.28.6/node_modules/@babel/core",
      "link": true
    },
    "node_modules/@babel/runtime": {
      "resolved": "../../node_modules/.pnpm/@babel+runtime@7.28.6/node_modules/@babel/runtime",
      "link": true
    },
    "node_modules/@react-navigation/bottom-tabs": {
      "resolved": "../../node_modules/.pnpm/@react-navigation+bottom-tabs@7.10.1_@react-navigation+native@7.1.28_react-native@0.76._a2ba4d60b003598ad148ff4e9bd8c2f8/node_modules/@react-navigation/bottom-tabs",
      "link": true
    },
    "node_modules/@react-navigation/native": {
      "resolved": "../../node_modules/.pnpm/@react-navigation+native@7.1.28_react-native@0.76.5_@babel+core@7.28.6_@babel+preset-en_ce23fa18f1a5e5b70c22736252603f9f/node_modules/@react-navigation/native",
      "link": true
    },
    "node_modules/@react-navigation/native-stack": {
      "resolved": "../../node_modules/.pnpm/@react-navigation+native-stack@7.11.0_@react-navigation+native@7.1.28_react-native@0.76_c31c6c8f78f1ddd9a5995277c96c4b7c/node_modules/@react-navigation/native-stack",
      "link": true
    },
    "node_modules/@types/react": {
      "resolved": "../../node_modules/.pnpm/@types+react@18.3.27/node_modules/@types/react",
      "link": true
    },
    "node_modules/expo": {
      "resolved": "../../node_modules/.pnpm/expo@52.0.48_@babel+core@7.28.6_@babel+preset-env@7.28.6_@babel+core@7.28.6__@expo+metr_fa092e19861fe89bc57259856a873e5b/node_modules/expo",
      "link": true
    },
    "node_modules/expo-image": {
      "resolved": "../../node_modules/.pnpm/expo-image@2.0.7_expo@52.0.48_@babel+core@7.28.6_@babel+preset-env@7.28.6_@babel+core@7_d6d4e21d991abd02b10ca4525592d9e8/node_modules/expo-image",
      "link": true
    },
    "node_modules/expo-linear-gradient": {
      "resolved": "../../node_modules/.pnpm/expo-linear-gradient@14.0.2_expo@52.0.48_@babel+core@7.28.6_@babel+preset-env@7.28.6_@b_1a4e48c9e55efb92e72cc6c7d655d71d/node_modules/expo-linear-gradient",
      "link": true
    },
    "node_modules/expo-status-bar": {
      "resolved": "../../node_modules/.pnpm/expo-status-bar@2.0.1_react-native@0.76.5_@babel+core@7.28.6_@babel+preset-env@7.28.6_@_8c38cd59e0bd494ce1b3c1e6e2a6bc76/node_modules/expo-status-bar",
      "link": true
    },
    "node_modules/react": {
      "resolved": "../../node_modules/.pnpm/react@18.3.1/node_modules/react",
      "link": true
    },
    "node_modules/react-native": {
      "resolved": "../../node_modules/.pnpm/react-native@0.76.5_@babel+core@7.28.6_@babel+preset-env@7.28.6_@babel+core@7.28.6__@types+react@18.3.27_react@18.3.1/node_modules/react-native",
      "link": true
    },
    "node_modules/react-native-safe-area-context": {
      "resolved": "../../node_modules/.pnpm/react-native-safe-area-context@4.14.0_react-native@0.76.5_@babel+core@7.28.6_@babel+pre_d812eafad16e1282e756fdf1297a5ab7/node_modules/react-native-safe-area-context",
      "link": true
    },
    "node_modules/react-native-screens": {
      "resolved": "../../node_modules/.pnpm/react-native-screens@4.4.0_react-native@0.76.5_@babel+core@7.28.6_@babel+preset-env@7.2_bdc36b20ed6286916b490fc35ace256f/node_modules/react-native-screens",
      "link": true
    },
    "node_modules/typescript": {
      "resolved": "../../node_modules/.pnpm/typescript@5.9.3/node_modules/typescript",
      "link": true
    }
  }
}
